{
  "name": "@hazae41/labase",
  "version": "1.0.1",
  "lockfileVersion": 3,
  "requires": true,
  "packages": {
    "": {
      "name": "@hazae41/labase",
      "version": "1.0.1",
      "license": "MIT",
      "devDependencies": {
        "@hazae41/rimraf": "^1.0.1"
      }
    },
    "node_modules/@hazae41/rimraf": {
      "version": "1.0.1",
      "resolved": "https://registry.npmjs.org/@hazae41/rimraf/-/rimraf-1.0.1.tgz",
      "integrity": "sha512-EmzbyXflKMxnfiEAsE2jn84Bo2WeTxPasdasQ0JP4gisCa3n9qrB2tiR9fmRsrkS6wH/H16oBsu4dkyfaJiKQw==",
      "dev": true,
      "license": "MIT",
      "bin": {
        "rimraf": "dist/index.mjs"
      }
    }
  }
}
